// !$*UTF8*$!
{
	archiveVersion = 1;
	classes = {
	};
	objectVersion = 56;
	objects = {

/* Begin PBXBuildFile section */
		66043DEF2AE1348A0070B6BC /* PEMM_NEWApp.swift in Sources */ = {isa = PBXBuildFile; fileRef = 66043DEE2AE1348A0070B6BC /* PEMM_NEWApp.swift */; };
		66043DF12AE1348A0070B6BC /* ContentView.swift in Sources */ = {isa = PBXBuildFile; fileRef = 66043DF02AE1348A0070B6BC /* ContentView.swift */; };
		66043DF32AE1348B0070B6BC /* Assets.xcassets in Resources */ = {isa = PBXBuildFile; fileRef = 66043DF22AE1348B0070B6BC /* Assets.xcassets */; };
		66043DF62AE1348B0070B6BC /* Preview Assets.xcassets in Resources */ = {isa = PBXBuildFile; fileRef = 66043DF52AE1348B0070B6BC /* Preview Assets.xcassets */; };
		66043E002AE1348C0070B6BC /* PEMM_NEWTests.swift in Sources */ = {isa = PBXBuildFile; fileRef = 66043DFF2AE1348C0070B6BC /* PEMM_NEWTests.swift */; };
		66043E0A2AE1348C0070B6BC /* PEMM_NEWUITests.swift in Sources */ = {isa = PBXBuildFile; fileRef = 66043E092AE1348C0070B6BC /* PEMM_NEWUITests.swift */; };
		66043E0C2AE1348C0070B6BC /* PEMM_NEWUITestsLaunchTests.swift in Sources */ = {isa = PBXBuildFile; fileRef = 66043E0B2AE1348C0070B6BC /* PEMM_NEWUITestsLaunchTests.swift */; };
/* End PBXBuildFile section */

/* Begin PBXContainerItemProxy section */
		66043DFC2AE1348C0070B6BC /* PBXContainerItemProxy */ = {
			isa = PBXContainerItemProxy;
			containerPortal = 66043DE32AE1348A0070B6BC /* Project object */;
			proxyType = 1;
			remoteGlobalIDString = 66043DEA2AE1348A0070B6BC;
			remoteInfo = "PEMM-NEW";
		};
		66043E062AE1348C0070B6BC /* PBXContainerItemProxy */ = {
			isa = PBXContainerItemProxy;
			containerPortal = 66043DE32AE1348A0070B6BC /* Project object */;
			proxyType = 1;
			remoteGlobalIDString = 66043DEA2AE1348A0070B6BC;
			remoteInfo = "PEMM-NEW";
		};
/* End PBXContainerItemProxy section */

/* Begin PBXFileReference section */
		66043DEB2AE1348A0070B6BC /* PEMM-NEW.app */ = {isa = PBXFileReference; explicitFileType = wrapper.application; includeInIndex = 0; path = "PEMM-NEW.app"; sourceTree = BUILT_PRODUCTS_DIR; };
		66043DEE2AE1348A0070B6BC /* PEMM_NEWApp.swift */ = {isa = PBXFileReference; lastKnownFileType = sourcecode.swift; path = PEMM_NEWApp.swift; sourceTree = "<group>"; };
		66043DF02AE1348A0070B6BC /* ContentView.swift */ = {isa = PBXFileReference; lastKnownFileType = sourcecode.swift; path = ContentView.swift; sourceTree = "<group>"; };
		66043DF22AE1348B0070B6BC /* Assets.xcassets */ = {isa = PBXFileReference; lastKnownFileType = folder.assetcatalog; path = Assets.xcassets; sourceTree = "<group>"; };
		66043DF52AE1348B0070B6BC /* Preview Assets.xcassets */ = {isa = PBXFileReference; lastKnownFileType = folder.assetcatalog; path = "Preview Assets.xcassets"; sourceTree = "<group>"; };
		66043DFB2AE1348C0070B6BC /* PEMM-NEWTests.xctest */ = {isa = PBXFileReference; explicitFileType = wrapper.cfbundle; includeInIndex = 0; path = "PEMM-NEWTests.xctest"; sourceTree = BUILT_PRODUCTS_DIR; };
		66043DFF2AE1348C0070B6BC /* PEMM_NEWTests.swift */ = {isa = PBXFileReference; lastKnownFileType = sourcecode.swift; path = PEMM_NEWTests.swift; sourceTree = "<group>"; };
		66043E052AE1348C0070B6BC /* PEMM-NEWUITests.xctest */ = {isa = PBXFileReference; explicitFileType = wrapper.cfbundle; includeInIndex = 0; path = "PEMM-NEWUITests.xctest"; sourceTree = BUILT_PRODUCTS_DIR; };
		66043E092AE1348C0070B6BC /* PEMM_NEWUITests.swift */ = {isa = PBXFileReference; lastKnownFileType = sourcecode.swift; path = PEMM_NEWUITests.swift; sourceTree = "<group>"; };
		66043E0B2AE1348C0070B6BC /* PEMM_NEWUITestsLaunchTests.swift */ = {isa = PBXFileReference; lastKnownFileType = sourcecode.swift; path = PEMM_NEWUITestsLaunchTests.swift; sourceTree = "<group>"; };
/* End PBXFileReference section */

/* Begin PBXFrameworksBuildPhase section */
		66043DE82AE1348A0070B6BC /* Frameworks */ = {
			isa = PBXFrameworksBuildPhase;
			buildActionMask = 2147483647;
			files = (
			);
			runOnlyForDeploymentPostprocessing = 0;
		};
		66043DF82AE1348C0070B6BC /* Frameworks */ = {
			isa = PBXFrameworksBuildPhase;
			buildActionMask = 2147483647;
			files = (
			);
			runOnlyForDeploymentPostprocessing = 0;
		};
		66043E022AE1348C0070B6BC /* Frameworks */ = {
			isa = PBXFrameworksBuildPhase;
			buildActionMask = 2147483647;
			files = (
			);
			runOnlyForDeploymentPostprocessing = 0;
		};
/* End PBXFrameworksBuildPhase section */

/* Begin PBXGroup section */
		66043DE22AE1348A0070B6BC = {
			isa = PBXGroup;
			children = (
				66043DED2AE1348A0070B6BC /* PEMM-NEW */,
				66043DFE2AE1348C0070B6BC /* PEMM-NEWTests */,
				66043E082AE1348C0070B6BC /* PEMM-NEWUITests */,
				66043DEC2AE1348A0070B6BC /* Products */,
			);
			sourceTree = "<group>";
		};
		66043DEC2AE1348A0070B6BC /* Products */ = {
			isa = PBXGroup;
			children = (
				66043DEB2AE1348A0070B6BC /* PEMM-NEW.app */,
				66043DFB2AE1348C0070B6BC /* PEMM-NEWTests.xctest */,
				66043E052AE1348C0070B6BC /* PEMM-NEWUITests.xctest */,
			);
			name = Products;
			sourceTree = "<group>";
		};
		66043DED2AE1348A0070B6BC /* PEMM-NEW */ = {
			isa = PBXGroup;
			children = (
				66043DEE2AE1348A0070B6BC /* PEMM_NEWApp.swift */,
				66043DF02AE1348A0070B6BC /* ContentView.swift */,
				66043DF22AE1348B0070B6BC /* Assets.xcassets */,
				66043DF42AE1348B0070B6BC /* Preview Content */,
			);
			path = "PEMM-NEW";
			sourceTree = "<group>";
		};
		66043DF42AE1348B0070B6BC /* Preview Content */ = {
			isa = PBXGroup;
			children = (
				66043DF52AE1348B0070B6BC /* Preview Assets.xcassets */,
			);
			path = "Preview Content";
			sourceTree = "<group>";
		};
		66043DFE2AE1348C0070B6BC /* PEMM-NEWTests */ = {
			isa = PBXGroup;
			children = (
				66043DFF2AE1348C0070B6BC /* PEMM_NEWTests.swift */,
			);
			path = "PEMM-NEWTests";
			sourceTree = "<group>";
		};
		66043E082AE1348C0070B6BC /* PEMM-NEWUITests */ = {
			isa = PBXGroup;
			children = (
				66043E092AE1348C0070B6BC /* PEMM_NEWUITests.swift */,
				66043E0B2AE1348C0070B6BC /* PEMM_NEWUITestsLaunchTests.swift */,
			);
			path = "PEMM-NEWUITests";
			sourceTree = "<group>";
		};
/* End PBXGroup section */

/* Begin PBXNativeTarget section */
		66043DEA2AE1348A0070B6BC /* PEMM-NEW */ = {
			isa = PBXNativeTarget;
			buildConfigurationList = 66043E0F2AE1348C0070B6BC /* Build configuration list for PBXNativeTarget "PEMM-NEW" */;
			buildPhases = (
				66043DE72AE1348A0070B6BC /* Sources */,
				66043DE82AE1348A0070B6BC /* Frameworks */,
				66043DE92AE1348A0070B6BC /* Resources */,
			);
			buildRules = (
			);
			dependencies = (
			);
			name = "PEMM-NEW";
			productName = "PEMM-NEW";
			productReference = 66043DEB2AE1348A0070B6BC /* PEMM-NEW.app */;
			productType = "com.apple.product-type.application";
		};
		66043DFA2AE1348C0070B6BC /* PEMM-NEWTests */ = {
			isa = PBXNativeTarget;
			buildConfigurationList = 66043E122AE1348C0070B6BC /* Build configuration list for PBXNativeTarget "PEMM-NEWTests" */;
			buildPhases = (
				66043DF72AE1348C0070B6BC /* Sources */,
				66043DF82AE1348C0070B6BC /* Frameworks */,
				66043DF92AE1348C0070B6BC /* Resources */,
			);
			buildRules = (
			);
			dependencies = (
				66043DFD2AE1348C0070B6BC /* PBXTargetDependency */,
			);
			name = "PEMM-NEWTests";
			productName = "PEMM-NEWTests";
			productReference = 66043DFB2AE1348C0070B6BC /* PEMM-NEWTests.xctest */;
			productType = "com.apple.product-type.bundle.unit-test";
		};
		66043E042AE1348C0070B6BC /* PEMM-NEWUITests */ = {
			isa = PBXNativeTarget;
			buildConfigurationList = 66043E152AE1348C0070B6BC /* Build configuration list for PBXNativeTarget "PEMM-NEWUITests" */;
			buildPhases = (
				66043E012AE1348C0070B6BC /* Sources */,
				66043E022AE1348C0070B6BC /* Frameworks */,
				66043E032AE1348C0070B6BC /* Resources */,
			);
			buildRules = (
			);
			dependencies = (
				66043E072AE1348C0070B6BC /* PBXTargetDependency */,
			);
			name = "PEMM-NEWUITests";
			productName = "PEMM-NEWUITests";
			productReference = 66043E052AE1348C0070B6BC /* PEMM-NEWUITests.xctest */;
			productType = "com.apple.product-type.bundle.ui-testing";
		};
/* End PBXNativeTarget section */

/* Begin PBXProject section */
		66043DE32AE1348A0070B6BC /* Project object */ = {
			isa = PBXProject;
			attributes = {
				BuildIndependentTargetsInParallel = 1;
				LastSwiftUpdateCheck = 1500;
				LastUpgradeCheck = 1500;
				TargetAttributes = {
					66043DEA2AE1348A0070B6BC = {
						CreatedOnToolsVersion = 15.0;
					};
					66043DFA2AE1348C0070B6BC = {
						CreatedOnToolsVersion = 15.0;
						TestTargetID = 66043DEA2AE1348A0070B6BC;
					};
					66043E042AE1348C0070B6BC = {
						CreatedOnToolsVersion = 15.0;
						TestTargetID = 66043DEA2AE1348A0070B6BC;
					};
				};
			};
			buildConfigurationList = 66043DE62AE1348A0070B6BC /* Build configuration list for PBXProject "PEMM-NEW" */;
			compatibilityVersion = "Xcode 14.0";
			developmentRegion = en;
			hasScannedForEncodings = 0;
			knownRegions = (
				en,
				Base,
			);
			mainGroup = 66043DE22AE1348A0070B6BC;
			productRefGroup = 66043DEC2AE1348A0070B6BC /* Products */;
			projectDirPath = "";
			projectRoot = "";
			targets = (
				66043DEA2AE1348A0070B6BC /* PEMM-NEW */,
				66043DFA2AE1348C0070B6BC /* PEMM-NEWTests */,
				66043E042AE1348C0070B6BC /* PEMM-NEWUITests */,
			);
		};
/* End PBXProject section */

/* Begin PBXResourcesBuildPhase section */
		66043DE92AE1348A0070B6BC /* Resources */ = {
			isa = PBXResourcesBuildPhase;
			buildActionMask = 2147483647;
			files = (
				66043DF62AE1348B0070B6BC /* Preview Assets.xcassets in Resources */,
				66043DF32AE1348B0070B6BC /* Assets.xcassets in Resources */,
			);
			runOnlyForDeploymentPostprocessing = 0;
		};
		66043DF92AE1348C0070B6BC /* Resources */ = {
			isa = PBXResourcesBuildPhase;
			buildActionMask = 2147483647;
			files = (
			);
			runOnlyForDeploymentPostprocessing = 0;
		};
		66043E032AE1348C0070B6BC /* Resources */ = {
			isa = PBXResourcesBuildPhase;
			buildActionMask = 2147483647;
			files = (
			);
			runOnlyForDeploymentPostprocessing = 0;
		};
/* End PBXResourcesBuildPhase section */

/* Begin PBXSourcesBuildPhase section */
		66043DE72AE1348A0070B6BC /* Sources */ = {
			isa = PBXSourcesBuildPhase;
			buildActionMask = 2147483647;
			files = (
				66043DF12AE1348A0070B6BC /* ContentView.swift in Sources */,
				66043DEF2AE1348A0070B6BC /* PEMM_NEWApp.swift in Sources */,
			);
			runOnlyForDeploymentPostprocessing = 0;
		};
		66043DF72AE1348C0070B6BC /* Sources */ = {
			isa = PBXSourcesBuildPhase;
			buildActionMask = 2147483647;
			files = (
				66043E002AE1348C0070B6BC /* PEMM_NEWTests.swift in Sources */,
			);
			runOnlyForDeploymentPostprocessing = 0;
		};
		66043E012AE1348C0070B6BC /* Sources */ = {
			isa = PBXSourcesBuildPhase;
			buildActionMask = 2147483647;
			files = (
				66043E0C2AE1348C0070B6BC /* PEMM_NEWUITestsLaunchTests.swift in Sources */,
				66043E0A2AE1348C0070B6BC /* PEMM_NEWUITests.swift in Sources */,
			);
			runOnlyForDeploymentPostprocessing = 0;
		};
/* End PBXSourcesBuildPhase section */

/* Begin PBXTargetDependency section */
		66043DFD2AE1348C0070B6BC /* PBXTargetDependency */ = {
			isa = PBXTargetDependency;
			target = 66043DEA2AE1348A0070B6BC /* PEMM-NEW */;
			targetProxy = 66043DFC2AE1348C0070B6BC /* PBXContainerItemProxy */;
		};
		66043E072AE1348C0070B6BC /* PBXTargetDependency */ = {
			isa = PBXTargetDependency;
			target = 66043DEA2AE1348A0070B6BC /* PEMM-NEW */;
			targetProxy = 66043E062AE1348C0070B6BC /* PBXContainerItemProxy */;
		};
/* End PBXTargetDependency section */

/* Begin XCBuildConfiguration section */
		66043E0D2AE1348C0070B6BC /* Debug */ = {
			isa = XCBuildConfiguration;
			buildSettings = {
				ALWAYS_SEARCH_USER_PATHS = NO;
				ASSETCATALOG_COMPILER_GENERATE_SWIFT_ASSET_SYMBOL_EXTENSIONS = YES;
				CLANG_ANALYZER_NONNULL = YES;
				CLANG_ANALYZER_NUMBER_OBJECT_CONVERSION = YES_AGGRESSIVE;
				CLANG_CXX_LANGUAGE_STANDARD = "gnu++20";
				CLANG_ENABLE_MODULES = YES;
				CLANG_ENABLE_OBJC_ARC = YES;
				CLANG_ENABLE_OBJC_WEAK = YES;
				CLANG_WARN_BLOCK_CAPTURE_AUTORELEASING = YES;
				CLANG_WARN_BOOL_CONVERSION = YES;
				CLANG_WARN_COMMA = YES;
				CLANG_WARN_CONSTANT_CONVERSION = YES;
				CLANG_WARN_DEPRECATED_OBJC_IMPLEMENTATIONS = YES;
				CLANG_WARN_DIRECT_OBJC_ISA_USAGE = YES_ERROR;
				CLANG_WARN_DOCUMENTATION_COMMENTS = YES;
				CLANG_WARN_EMPTY_BODY = YES;
				CLANG_WARN_ENUM_CONVERSION = YES;
				CLANG_WARN_INFINITE_RECURSION = YES;
				CLANG_WARN_INT_CONVERSION = YES;
				CLANG_WARN_NON_LITERAL_NULL_CONVERSION = YES;
				CLANG_WARN_OBJC_IMPLICIT_RETAIN_SELF = YES;
				CLANG_WARN_OBJC_LITERAL_CONVERSION = YES;
				CLANG_WARN_OBJC_ROOT_CLASS = YES_ERROR;
				CLANG_WARN_QUOTED_INCLUDE_IN_FRAMEWORK_HEADER = YES;
				CLANG_WARN_RANGE_LOOP_ANALYSIS = YES;
				CLANG_WARN_STRICT_PROTOTYPES = YES;
				CLANG_WARN_SUSPICIOUS_MOVE = YES;
				CLANG_WARN_UNGUARDED_AVAILABILITY = YES_AGGRESSIVE;
				CLANG_WARN_UNREACHABLE_CODE = YES;
				CLANG_WARN__DUPLICATE_METHOD_MATCH = YES;
				COPY_PHASE_STRIP = NO;
				DEBUG_INFORMATION_FORMAT = dwarf;
				ENABLE_STRICT_OBJC_MSGSEND = YES;
				ENABLE_TESTABILITY = YES;
				ENABLE_USER_SCRIPT_SANDBOXING = YES;
				GCC_C_LANGUAGE_STANDARD = gnu17;
				GCC_DYNAMIC_NO_PIC = NO;
				GCC_NO_COMMON_BLOCKS = YES;
				GCC_OPTIMIZATION_LEVEL = 0;
				GCC_PREPROCESSOR_DEFINITIONS = (
					"DEBUG=1",
					"$(inherited)",
				);
				GCC_WARN_64_TO_32_BIT_CONVERSION = YES;
				GCC_WARN_ABOUT_RETURN_TYPE = YES_ERROR;
				GCC_WARN_UNDECLARED_SELECTOR = YES;
				GCC_WARN_UNINITIALIZED_AUTOS = YES_AGGRESSIVE;
				GCC_WARN_UNUSED_FUNCTION = YES;
				GCC_WARN_UNUSED_VARIABLE = YES;
				IPHONEOS_DEPLOYMENT_TARGET = 17.0;
				LOCALIZATION_PREFERS_STRING_CATALOGS = YES;
				MTL_ENABLE_DEBUG_INFO = INCLUDE_SOURCE;
				MTL_FAST_MATH = YES;
				ONLY_ACTIVE_ARCH = YES;
				SDKROOT = iphoneos;
				SWIFT_ACTIVE_COMPILATION_CONDITIONS = "DEBUG $(inherited)";
				SWIFT_OPTIMIZATION_LEVEL = "-Onone";
			};
			name = Debug;
		};
		66043E0E2AE1348C0070B6BC /* Release */ = {
			isa = XCBuildConfiguration;
			buildSettings = {
				ALWAYS_SEARCH_USER_PATHS = NO;
				ASSETCATALOG_COMPILER_GENERATE_SWIFT_ASSET_SYMBOL_EXTENSIONS = YES;
				CLANG_ANALYZER_NONNULL = YES;
				CLANG_ANALYZER_NUMBER_OBJECT_CONVERSION = YES_AGGRESSIVE;
				CLANG_CXX_LANGUAGE_STANDARD = "gnu++20";
				CLANG_ENABLE_MODULES = YES;
				CLANG_ENABLE_OBJC_ARC = YES;
				CLANG_ENABLE_OBJC_WEAK = YES;
				CLANG_WARN_BLOCK_CAPTURE_AUTORELEASING = YES;
				CLANG_WARN_BOOL_CONVERSION = YES;
				CLANG_WARN_COMMA = YES;
				CLANG_WARN_CONSTANT_CONVERSION = YES;
				CLANG_WARN_DEPRECATED_OBJC_IMPLEMENTATIONS = YES;
				CLANG_WARN_DIRECT_OBJC_ISA_USAGE = YES_ERROR;
				CLANG_WARN_DOCUMENTATION_COMMENTS = YES;
				CLANG_WARN_EMPTY_BODY = YES;
				CLANG_WARN_ENUM_CONVERSION = YES;
				CLANG_WARN_INFINITE_RECURSION = YES;
				CLANG_WARN_INT_CONVERSION = YES;
				CLANG_WARN_NON_LITERAL_NULL_CONVERSION = YES;
				CLANG_WARN_OBJC_IMPLICIT_RETAIN_SELF = YES;
				CLANG_WARN_OBJC_LITERAL_CONVERSION = YES;
				CLANG_WARN_OBJC_ROOT_CLASS = YES_ERROR;
				CLANG_WARN_QUOTED_INCLUDE_IN_FRAMEWORK_HEADER = YES;
				CLANG_WARN_RANGE_LOOP_ANALYSIS = YES;
				CLANG_WARN_STRICT_PROTOTYPES = YES;
				CLANG_WARN_SUSPICIOUS_MOVE = YES;
				CLANG_WARN_UNGUARDED_AVAILABILITY = YES_AGGRESSIVE;
				CLANG_WARN_UNREACHABLE_CODE = YES;
				CLANG_WARN__DUPLICATE_METHOD_MATCH = YES;
				COPY_PHASE_STRIP = NO;
				DEBUG_INFORMATION_FORMAT = "dwarf-with-dsym";
				ENABLE_NS_ASSERTIONS = NO;
				ENABLE_STRICT_OBJC_MSGSEND = YES;
				ENABLE_USER_SCRIPT_SANDBOXING = YES;
				GCC_C_LANGUAGE_STANDARD = gnu17;
				GCC_NO_COMMON_BLOCKS = YES;
				GCC_WARN_64_TO_32_BIT_CONVERSION = YES;
				GCC_WARN_ABOUT_RETURN_TYPE = YES_ERROR;
				GCC_WARN_UNDECLARED_SELECTOR = YES;
				GCC_WARN_UNINITIALIZED_AUTOS = YES_AGGRESSIVE;
				GCC_WARN_UNUSED_FUNCTION = YES;
				GCC_WARN_UNUSED_VARIABLE = YES;
				IPHONEOS_DEPLOYMENT_TARGET = 17.0;
				LOCALIZATION_PREFERS_STRING_CATALOGS = YES;
				MTL_ENABLE_DEBUG_INFO = NO;
				MTL_FAST_MATH = YES;
				SDKROOT = iphoneos;
				SWIFT_COMPILATION_MODE = wholemodule;
				VALIDATE_PRODUCT = YES;
			};
			name = Release;
		};
		66043E102AE1348C0070B6BC /* Debug */ = {
			isa = XCBuildConfiguration;
			buildSettings = {
				ASSETCATALOG_COMPILER_APPICON_NAME = AppIcon;
				ASSETCATALOG_COMPILER_GLOBAL_ACCENT_COLOR_NAME = AccentColor;
				CODE_SIGN_STYLE = Automatic;
				CURRENT_PROJECT_VERSION = 1;
				DEVELOPMENT_ASSET_PATHS = "\"PEMM-NEW/Preview Content\"";
				DEVELOPMENT_TEAM = T5C2RB4SL5;
				ENABLE_PREVIEWS = YES;
				GENERATE_INFOPLIST_FILE = YES;
				INFOPLIST_KEY_UIApplicationSceneManifest_Generation = YES;
				INFOPLIST_KEY_UIApplicationSupportsIndirectInputEvents = YES;
				INFOPLIST_KEY_UILaunchScreen_Generation = YES;
				INFOPLIST_KEY_UISupportedInterfaceOrientations_iPad = "UIInterfaceOrientationPortrait UIInterfaceOrientationPortraitUpsideDown UIInterfaceOrientationLandscapeLeft UIInterfaceOrientationLandscapeRight";
				INFOPLIST_KEY_UISupportedInterfaceOrientations_iPhone = "UIInterfaceOrientationPortrait UIInterfaceOrientationLandscapeLeft UIInterfaceOrientationLandscapeRight";
				LD_RUNPATH_SEARCH_PATHS = (
					"$(inherited)",
					"@executable_path/Frameworks",
				);
				MARKETING_VERSION = 1.0;
				PRODUCT_BUNDLE_IDENTIFIER = "developer.academy.PEMM-NEW";
				PRODUCT_NAME = "$(TARGET_NAME)";
				SWIFT_EMIT_LOC_STRINGS = YES;
				SWIFT_VERSION = 5.0;
				TARGETED_DEVICE_FAMILY = "1,2";
			};
			name = Debug;
		};
		66043E112AE1348C0070B6BC /* Release */ = {
			isa = XCBuildConfiguration;
			buildSettings = {
				ASSETCATALOG_COMPILER_APPICON_NAME = AppIcon;
				ASSETCATALOG_COMPILER_GLOBAL_ACCENT_COLOR_NAME = AccentColor;
				CODE_SIGN_STYLE = Automatic;
				CURRENT_PROJECT_VERSION = 1;
				DEVELOPMENT_ASSET_PATHS = "\"PEMM-NEW/Preview Content\"";
				DEVELOPMENT_TEAM = T5C2RB4SL5;
				ENABLE_PREVIEWS = YES;
				GENERATE_INFOPLIST_FILE = YES;
				INFOPLIST_KEY_UIApplicationSceneManifest_Generation = YES;
				INFOPLIST_KEY_UIApplicationSupportsIndirectInputEvents = YES;
				INFOPLIST_KEY_UILaunchScreen_Generation = YES;
				INFOPLIST_KEY_UISupportedInterfaceOrientations_iPad = "UIInterfaceOrientationPortrait UIInterfaceOrientationPortraitUpsideDown UIInterfaceOrientationLandscapeLeft UIInterfaceOrientationLandscapeRight";
				INFOPLIST_KEY_UISupportedInterfaceOrientations_iPhone = "UIInterfaceOrientationPortrait UIInterfaceOrientationLandscapeLeft UIInterfaceOrientationLandscapeRight";
				LD_RUNPATH_SEARCH_PATHS = (
					"$(inherited)",
					"@executable_path/Frameworks",
				);
				MARKETING_VERSION = 1.0;
				PRODUCT_BUNDLE_IDENTIFIER = "developer.academy.PEMM-NEW";
				PRODUCT_NAME = "$(TARGET_NAME)";
				SWIFT_EMIT_LOC_STRINGS = YES;
				SWIFT_VERSION = 5.0;
				TARGETED_DEVICE_FAMILY = "1,2";
			};
			name = Release;
		};
		66043E132AE1348C0070B6BC /* Debug */ = {
			isa = XCBuildConfiguration;
			buildSettings = {
				ALWAYS_EMBED_SWIFT_STANDARD_LIBRARIES = YES;
				BUNDLE_LOADER = "$(TEST_HOST)";
				CODE_SIGN_STYLE = Automatic;
				CURRENT_PROJECT_VERSION = 1;
				DEVELOPMENT_TEAM = T5C2RB4SL5;
				GENERATE_INFOPLIST_FILE = YES;
				IPHONEOS_DEPLOYMENT_TARGET = 17.0;
				MARKETING_VERSION = 1.0;
				PRODUCT_BUNDLE_IDENTIFIER = "developer.academy.PEMM-NEWTests";
				PRODUCT_NAME = "$(TARGET_NAME)";
				SWIFT_EMIT_LOC_STRINGS = NO;
				SWIFT_VERSION = 5.0;
				TARGETED_DEVICE_FAMILY = "1,2";
				TEST_HOST = "$(BUILT_PRODUCTS_DIR)/PEMM-NEW.app/$(BUNDLE_EXECUTABLE_FOLDER_PATH)/PEMM-NEW";
			};
			name = Debug;
		};
		66043E142AE1348C0070B6BC /* Release */ = {
			isa = XCBuildConfiguration;
			buildSettings = {
				ALWAYS_EMBED_SWIFT_STANDARD_LIBRARIES = YES;
				BUNDLE_LOADER = "$(TEST_HOST)";
				CODE_SIGN_STYLE = Automatic;
				CURRENT_PROJECT_VERSION = 1;
				DEVELOPMENT_TEAM = T5C2RB4SL5;
				GENERATE_INFOPLIST_FILE = YES;
				IPHONEOS_DEPLOYMENT_TARGET = 17.0;
				MARKETING_VERSION = 1.0;
				PRODUCT_BUNDLE_IDENTIFIER = "developer.academy.PEMM-NEWTests";
				PRODUCT_NAME = "$(TARGET_NAME)";
				SWIFT_EMIT_LOC_STRINGS = NO;
				SWIFT_VERSION = 5.0;
				TARGETED_DEVICE_FAMILY = "1,2";
				TEST_HOST = "$(BUILT_PRODUCTS_DIR)/PEMM-NEW.app/$(BUNDLE_EXECUTABLE_FOLDER_PATH)/PEMM-NEW";
			};
			name = Release;
		};
		66043E162AE1348C0070B6BC /* Debug */ = {
			isa = XCBuildConfiguration;
			buildSettings = {
				ALWAYS_EMBED_SWIFT_STANDARD_LIBRARIES = YES;
				CODE_SIGN_STYLE = Automatic;
				CURRENT_PROJECT_VERSION = 1;
				DEVELOPMENT_TEAM = T5C2RB4SL5;
				GENERATE_INFOPLIST_FILE = YES;
				MARKETING_VERSION = 1.0;
				PRODUCT_BUNDLE_IDENTIFIER = "developer.academy.PEMM-NEWUITests";
				PRODUCT_NAME = "$(TARGET_NAME)";
				SWIFT_EMIT_LOC_STRINGS = NO;
				SWIFT_VERSION = 5.0;
				TARGETED_DEVICE_FAMILY = "1,2";
				TEST_TARGET_NAME = "PEMM-NEW";
			};
			name = Debug;
		};
		66043E172AE1348C0070B6BC /* Release */ = {
			isa = XCBuildConfiguration;
			buildSettings = {
				ALWAYS_EMBED_SWIFT_STANDARD_LIBRARIES = YES;
				CODE_SIGN_STYLE = Automatic;
				CURRENT_PROJECT_VERSION = 1;
				DEVELOPMENT_TEAM = T5C2RB4SL5;
				GENERATE_INFOPLIST_FILE = YES;
				MARKETING_VERSION = 1.0;
				PRODUCT_BUNDLE_IDENTIFIER = "developer.academy.PEMM-NEWUITests";
				PRODUCT_NAME = "$(TARGET_NAME)";
				SWIFT_EMIT_LOC_STRINGS = NO;
				SWIFT_VERSION = 5.0;
				TARGETED_DEVICE_FAMILY = "1,2";
				TEST_TARGET_NAME = "PEMM-NEW";
			};
			name = Release;
		};
/* End XCBuildConfiguration section */

/* Begin XCConfigurationList section */
		66043DE62AE1348A0070B6BC /* Build configuration list for PBXProject "PEMM-NEW" */ = {
			isa = XCConfigurationList;
			buildConfigurations = (
				66043E0D2AE1348C0070B6BC /* Debug */,
				66043E0E2AE1348C0070B6BC /* Release */,
			);
			defaultConfigurationIsVisible = 0;
			defaultConfigurationName = Release;
		};
		66043E0F2AE1348C0070B6BC /* Build configuration list for PBXNativeTarget "PEMM-NEW" */ = {
			isa = XCConfigurationList;
			buildConfigurations = (
				66043E102AE1348C0070B6BC /* Debug */,
				66043E112AE1348C0070B6BC /* Release */,
			);
			defaultConfigurationIsVisible = 0;
			defaultConfigurationName = Release;
		};
		66043E122AE1348C0070B6BC /* Build configuration list for PBXNativeTarget "PEMM-NEWTests" */ = {
			isa = XCConfigurationList;
			buildConfigurations = (
				66043E132AE1348C0070B6BC /* Debug */,
				66043E142AE1348C0070B6BC /* Release */,
			);
			defaultConfigurationIsVisible = 0;
			defaultConfigurationName = Release;
		};
		66043E152AE1348C0070B6BC /* Build configuration list for PBXNativeTarget "PEMM-NEWUITests" */ = {
			isa = XCConfigurationList;
			buildConfigurations = (
				66043E162AE1348C0070B6BC /* Debug */,
				66043E172AE1348C0070B6BC /* Release */,
			);
			defaultConfigurationIsVisible = 0;
			defaultConfigurationName = Release;
		};
/* End XCConfigurationList section */
	};
	rootObject = 66043DE32AE1348A0070B6BC /* Project object */;
}
