// !$*UTF8*$!
{
	archiveVersion = 1;
	classes = {
	};
	objectVersion = 56;
	objects = {

/* Begin PBXBuildFile section */
		66CBB78F2AE2666B00E9FA79 /* ExerciseListView.swift in Sources */ = {isa = PBXBuildFile; fileRef = 66CBB78E2AE2666B00E9FA79 /* ExerciseListView.swift */; };
		66CBB7912AE2666C00E9FA79 /* Assets.xcassets in Resources */ = {isa = PBXBuildFile; fileRef = 66CBB7902AE2666C00E9FA79 /* Assets.xcassets */; };
		66CBB7942AE2666C00E9FA79 /* Preview Assets.xcassets in Resources */ = {isa = PBXBuildFile; fileRef = 66CBB7932AE2666C00E9FA79 /* Preview Assets.xcassets */; };
		66CBB79E2AE2666D00E9FA79 /* PEMM_AppTests.swift in Sources */ = {isa = PBXBuildFile; fileRef = 66CBB79D2AE2666D00E9FA79 /* PEMM_AppTests.swift */; };
		66CBB7A82AE2666D00E9FA79 /* PEMM_AppUITests.swift in Sources */ = {isa = PBXBuildFile; fileRef = 66CBB7A72AE2666D00E9FA79 /* PEMM_AppUITests.swift */; };
		66CBB7AA2AE2666D00E9FA79 /* PEMM_AppUITestsLaunchTests.swift in Sources */ = {isa = PBXBuildFile; fileRef = 66CBB7A92AE2666D00E9FA79 /* PEMM_AppUITestsLaunchTests.swift */; };
		66CBB7B92AE26AA000E9FA79 /* Exercise.swift in Sources */ = {isa = PBXBuildFile; fileRef = 66CBB7B82AE26AA000E9FA79 /* Exercise.swift */; };
		66CBB7BB2AE26B2000E9FA79 /* PEMM App.swift in Sources */ = {isa = PBXBuildFile; fileRef = 66CBB7BA2AE26B2000E9FA79 /* PEMM App.swift */; };
		66CBB7BF2AE279E400E9FA79 /* ExercisesViewModel.swift in Sources */ = {isa = PBXBuildFile; fileRef = 66CBB7BE2AE279E400E9FA79 /* ExercisesViewModel.swift */; };
		66CBB7C12AE285E000E9FA79 /* ExerciseCardView.swift in Sources */ = {isa = PBXBuildFile; fileRef = 66CBB7C02AE285E000E9FA79 /* ExerciseCardView.swift */; };
		66CBB7DD2AE4260A00E9FA79 /* Time and Place.swift in Sources */ = {isa = PBXBuildFile; fileRef = 66CBB7DC2AE4260A00E9FA79 /* Time and Place.swift */; };
		66CBB7DF2AE4263300E9FA79 /* TimeandPlaceModel.swift in Sources */ = {isa = PBXBuildFile; fileRef = 66CBB7DE2AE4263300E9FA79 /* TimeandPlaceModel.swift */; };
		66CBB7E12AE4266000E9FA79 /* TimeandPlaceCardView.swift in Sources */ = {isa = PBXBuildFile; fileRef = 66CBB7E02AE4266000E9FA79 /* TimeandPlaceCardView.swift */; };
		66CBB7E32AE4268900E9FA79 /* TimeandPlaceListView.swift in Sources */ = {isa = PBXBuildFile; fileRef = 66CBB7E22AE4268900E9FA79 /* TimeandPlaceListView.swift */; };
		66CBB7ED2AE80D2600E9FA79 /* Advice.swift in Sources */ = {isa = PBXBuildFile; fileRef = 66CBB7EC2AE80D2600E9FA79 /* Advice.swift */; };
		66CBB7F12AE815C900E9FA79 /* AdviceModel.swift in Sources */ = {isa = PBXBuildFile; fileRef = 66CBB7F02AE815C900E9FA79 /* AdviceModel.swift */; };
		66CBB7F32AE822DD00E9FA79 /* AdviceCardView.swift in Sources */ = {isa = PBXBuildFile; fileRef = 66CBB7F22AE822DD00E9FA79 /* AdviceCardView.swift */; };
		AA0459952AE7CB6600010BB9 /* Segment control.swift in Sources */ = {isa = PBXBuildFile; fileRef = AA0459942AE7CB6600010BB9 /* Segment control.swift */; };
/* End PBXBuildFile section */

/* Begin PBXContainerItemProxy section */
		66CBB79A2AE2666D00E9FA79 /* PBXContainerItemProxy */ = {
			isa = PBXContainerItemProxy;
			containerPortal = 66CBB7812AE2666B00E9FA79 /* Project object */;
			proxyType = 1;
			remoteGlobalIDString = 66CBB7882AE2666B00E9FA79;
			remoteInfo = "PEMM App";
		};
		66CBB7A42AE2666D00E9FA79 /* PBXContainerItemProxy */ = {
			isa = PBXContainerItemProxy;
			containerPortal = 66CBB7812AE2666B00E9FA79 /* Project object */;
			proxyType = 1;
			remoteGlobalIDString = 66CBB7882AE2666B00E9FA79;
			remoteInfo = "PEMM App";
		};
/* End PBXContainerItemProxy section */

/* Begin PBXFileReference section */
		66CBB7892AE2666B00E9FA79 /* PEMM App.app */ = {isa = PBXFileReference; explicitFileType = wrapper.application; includeInIndex = 0; path = "PEMM App.app"; sourceTree = BUILT_PRODUCTS_DIR; };
		66CBB78E2AE2666B00E9FA79 /* ExerciseListView.swift */ = {isa = PBXFileReference; lastKnownFileType = sourcecode.swift; path = ExerciseListView.swift; sourceTree = "<group>"; };
		66CBB7902AE2666C00E9FA79 /* Assets.xcassets */ = {isa = PBXFileReference; lastKnownFileType = folder.assetcatalog; path = Assets.xcassets; sourceTree = "<group>"; };
		66CBB7932AE2666C00E9FA79 /* Preview Assets.xcassets */ = {isa = PBXFileReference; lastKnownFileType = folder.assetcatalog; path = "Preview Assets.xcassets"; sourceTree = "<group>"; };
		66CBB7992AE2666D00E9FA79 /* PEMM AppTests.xctest */ = {isa = PBXFileReference; explicitFileType = wrapper.cfbundle; includeInIndex = 0; path = "PEMM AppTests.xctest"; sourceTree = BUILT_PRODUCTS_DIR; };
		66CBB79D2AE2666D00E9FA79 /* PEMM_AppTests.swift */ = {isa = PBXFileReference; lastKnownFileType = sourcecode.swift; path = PEMM_AppTests.swift; sourceTree = "<group>"; };
		66CBB7A32AE2666D00E9FA79 /* PEMM AppUITests.xctest */ = {isa = PBXFileReference; explicitFileType = wrapper.cfbundle; includeInIndex = 0; path = "PEMM AppUITests.xctest"; sourceTree = BUILT_PRODUCTS_DIR; };
		66CBB7A72AE2666D00E9FA79 /* PEMM_AppUITests.swift */ = {isa = PBXFileReference; lastKnownFileType = sourcecode.swift; path = PEMM_AppUITests.swift; sourceTree = "<group>"; };
		66CBB7A92AE2666D00E9FA79 /* PEMM_AppUITestsLaunchTests.swift */ = {isa = PBXFileReference; lastKnownFileType = sourcecode.swift; path = PEMM_AppUITestsLaunchTests.swift; sourceTree = "<group>"; };
		66CBB7B82AE26AA000E9FA79 /* Exercise.swift */ = {isa = PBXFileReference; lastKnownFileType = sourcecode.swift; path = Exercise.swift; sourceTree = "<group>"; };
		66CBB7BA2AE26B2000E9FA79 /* PEMM App.swift */ = {isa = PBXFileReference; lastKnownFileType = sourcecode.swift; path = "PEMM App.swift"; sourceTree = "<group>"; };
		66CBB7BE2AE279E400E9FA79 /* ExercisesViewModel.swift */ = {isa = PBXFileReference; lastKnownFileType = sourcecode.swift; path = ExercisesViewModel.swift; sourceTree = "<group>"; };
		66CBB7C02AE285E000E9FA79 /* ExerciseCardView.swift */ = {isa = PBXFileReference; lastKnownFileType = sourcecode.swift; path = ExerciseCardView.swift; sourceTree = "<group>"; };
		66CBB7DC2AE4260A00E9FA79 /* Time and Place.swift */ = {isa = PBXFileReference; lastKnownFileType = sourcecode.swift; path = "Time and Place.swift"; sourceTree = "<group>"; };
		66CBB7DE2AE4263300E9FA79 /* TimeandPlaceModel.swift */ = {isa = PBXFileReference; lastKnownFileType = sourcecode.swift; path = TimeandPlaceModel.swift; sourceTree = "<group>"; };
		66CBB7E02AE4266000E9FA79 /* TimeandPlaceCardView.swift */ = {isa = PBXFileReference; lastKnownFileType = sourcecode.swift; path = TimeandPlaceCardView.swift; sourceTree = "<group>"; };
		66CBB7E22AE4268900E9FA79 /* TimeandPlaceListView.swift */ = {isa = PBXFileReference; lastKnownFileType = sourcecode.swift; path = TimeandPlaceListView.swift; sourceTree = "<group>"; };
		66CBB7EC2AE80D2600E9FA79 /* Advice.swift */ = {isa = PBXFileReference; lastKnownFileType = sourcecode.swift; path = Advice.swift; sourceTree = "<group>"; };
		66CBB7F02AE815C900E9FA79 /* AdviceModel.swift */ = {isa = PBXFileReference; lastKnownFileType = sourcecode.swift; path = AdviceModel.swift; sourceTree = "<group>"; };
		66CBB7F22AE822DD00E9FA79 /* AdviceCardView.swift */ = {isa = PBXFileReference; lastKnownFileType = sourcecode.swift; path = AdviceCardView.swift; sourceTree = "<group>"; };
		AA0459942AE7CB6600010BB9 /* Segment control.swift */ = {isa = PBXFileReference; lastKnownFileType = sourcecode.swift; path = "Segment control.swift"; sourceTree = "<group>"; };
/* End PBXFileReference section */

/* Begin PBXFrameworksBuildPhase section */
		66CBB7862AE2666B00E9FA79 /* Frameworks */ = {
			isa = PBXFrameworksBuildPhase;
			buildActionMask = 2147483647;
			files = (
			);
			runOnlyForDeploymentPostprocessing = 0;
		};
		66CBB7962AE2666D00E9FA79 /* Frameworks */ = {
			isa = PBXFrameworksBuildPhase;
			buildActionMask = 2147483647;
			files = (
			);
			runOnlyForDeploymentPostprocessing = 0;
		};
		66CBB7A02AE2666D00E9FA79 /* Frameworks */ = {
			isa = PBXFrameworksBuildPhase;
			buildActionMask = 2147483647;
			files = (
			);
			runOnlyForDeploymentPostprocessing = 0;
		};
/* End PBXFrameworksBuildPhase section */

/* Begin PBXGroup section */
		66CBB7802AE2666B00E9FA79 = {
			isa = PBXGroup;
			children = (
				66CBB78B2AE2666B00E9FA79 /* PEMM App */,
				66CBB79C2AE2666D00E9FA79 /* PEMM AppTests */,
				66CBB7A62AE2666D00E9FA79 /* PEMM AppUITests */,
				66CBB78A2AE2666B00E9FA79 /* Products */,
			);
			sourceTree = "<group>";
		};
		66CBB78A2AE2666B00E9FA79 /* Products */ = {
			isa = PBXGroup;
			children = (
				66CBB7892AE2666B00E9FA79 /* PEMM App.app */,
				66CBB7992AE2666D00E9FA79 /* PEMM AppTests.xctest */,
				66CBB7A32AE2666D00E9FA79 /* PEMM AppUITests.xctest */,
			);
			name = Products;
			sourceTree = "<group>";
		};
		66CBB78B2AE2666B00E9FA79 /* PEMM App */ = {
			isa = PBXGroup;
			children = (
				66CBB7B82AE26AA000E9FA79 /* Exercise.swift */,
				66CBB7BE2AE279E400E9FA79 /* ExercisesViewModel.swift */,
				66CBB7C02AE285E000E9FA79 /* ExerciseCardView.swift */,
				66CBB78E2AE2666B00E9FA79 /* ExerciseListView.swift */,
				66CBB7EC2AE80D2600E9FA79 /* Advice.swift */,
				66CBB7F02AE815C900E9FA79 /* AdviceModel.swift */,
				66CBB7F22AE822DD00E9FA79 /* AdviceCardView.swift */,
				66CBB7DC2AE4260A00E9FA79 /* Time and Place.swift */,
				AA0459942AE7CB6600010BB9 /* Segment control.swift */,
				66CBB7DE2AE4263300E9FA79 /* TimeandPlaceModel.swift */,
				66CBB7E02AE4266000E9FA79 /* TimeandPlaceCardView.swift */,
				66CBB7E22AE4268900E9FA79 /* TimeandPlaceListView.swift */,
				66CBB7BA2AE26B2000E9FA79 /* PEMM App.swift */,
				66CBB7902AE2666C00E9FA79 /* Assets.xcassets */,
				66CBB7922AE2666C00E9FA79 /* Preview Content */,
			);
			path = "PEMM App";
			sourceTree = "<group>";
		};
		66CBB7922AE2666C00E9FA79 /* Preview Content */ = {
			isa = PBXGroup;
			children = (
				66CBB7932AE2666C00E9FA79 /* Preview Assets.xcassets */,
			);
			path = "Preview Content";
			sourceTree = "<group>";
		};
		66CBB79C2AE2666D00E9FA79 /* PEMM AppTests */ = {
			isa = PBXGroup;
			children = (
				66CBB79D2AE2666D00E9FA79 /* PEMM_AppTests.swift */,
			);
			path = "PEMM AppTests";
			sourceTree = "<group>";
		};
		66CBB7A62AE2666D00E9FA79 /* PEMM AppUITests */ = {
			isa = PBXGroup;
			children = (
				66CBB7A72AE2666D00E9FA79 /* PEMM_AppUITests.swift */,
				66CBB7A92AE2666D00E9FA79 /* PEMM_AppUITestsLaunchTests.swift */,
			);
			path = "PEMM AppUITests";
			sourceTree = "<group>";
		};
/* End PBXGroup section */

/* Begin PBXNativeTarget section */
		66CBB7882AE2666B00E9FA79 /* PEMM App */ = {
			isa = PBXNativeTarget;
			buildConfigurationList = 66CBB7AD2AE2666D00E9FA79 /* Build configuration list for PBXNativeTarget "PEMM App" */;
			buildPhases = (
				66CBB7852AE2666B00E9FA79 /* Sources */,
				66CBB7862AE2666B00E9FA79 /* Frameworks */,
				66CBB7872AE2666B00E9FA79 /* Resources */,
			);
			buildRules = (
			);
			dependencies = (
			);
			name = "PEMM App";
			productName = "PEMM App";
			productReference = 66CBB7892AE2666B00E9FA79 /* PEMM App.app */;
			productType = "com.apple.product-type.application";
		};
		66CBB7982AE2666D00E9FA79 /* PEMM AppTests */ = {
			isa = PBXNativeTarget;
			buildConfigurationList = 66CBB7B02AE2666D00E9FA79 /* Build configuration list for PBXNativeTarget "PEMM AppTests" */;
			buildPhases = (
				66CBB7952AE2666D00E9FA79 /* Sources */,
				66CBB7962AE2666D00E9FA79 /* Frameworks */,
				66CBB7972AE2666D00E9FA79 /* Resources */,
			);
			buildRules = (
			);
			dependencies = (
				66CBB79B2AE2666D00E9FA79 /* PBXTargetDependency */,
			);
			name = "PEMM AppTests";
			productName = "PEMM AppTests";
			productReference = 66CBB7992AE2666D00E9FA79 /* PEMM AppTests.xctest */;
			productType = "com.apple.product-type.bundle.unit-test";
		};
		66CBB7A22AE2666D00E9FA79 /* PEMM AppUITests */ = {
			isa = PBXNativeTarget;
			buildConfigurationList = 66CBB7B32AE2666D00E9FA79 /* Build configuration list for PBXNativeTarget "PEMM AppUITests" */;
			buildPhases = (
				66CBB79F2AE2666D00E9FA79 /* Sources */,
				66CBB7A02AE2666D00E9FA79 /* Frameworks */,
				66CBB7A12AE2666D00E9FA79 /* Resources */,
			);
			buildRules = (
			);
			dependencies = (
				66CBB7A52AE2666D00E9FA79 /* PBXTargetDependency */,
			);
			name = "PEMM AppUITests";
			productName = "PEMM AppUITests";
			productReference = 66CBB7A32AE2666D00E9FA79 /* PEMM AppUITests.xctest */;
			productType = "com.apple.product-type.bundle.ui-testing";
		};
/* End PBXNativeTarget section */

/* Begin PBXProject section */
		66CBB7812AE2666B00E9FA79 /* Project object */ = {
			isa = PBXProject;
			attributes = {
				BuildIndependentTargetsInParallel = 1;
				LastSwiftUpdateCheck = 1500;
				LastUpgradeCheck = 1500;
				TargetAttributes = {
					66CBB7882AE2666B00E9FA79 = {
						CreatedOnToolsVersion = 15.0;
					};
					66CBB7982AE2666D00E9FA79 = {
						CreatedOnToolsVersion = 15.0;
						TestTargetID = 66CBB7882AE2666B00E9FA79;
					};
					66CBB7A22AE2666D00E9FA79 = {
						CreatedOnToolsVersion = 15.0;
						TestTargetID = 66CBB7882AE2666B00E9FA79;
					};
				};
			};
			buildConfigurationList = 66CBB7842AE2666B00E9FA79 /* Build configuration list for PBXProject "PEMM App" */;
			compatibilityVersion = "Xcode 14.0";
			developmentRegion = en;
			hasScannedForEncodings = 0;
			knownRegions = (
				en,
				Base,
			);
			mainGroup = 66CBB7802AE2666B00E9FA79;
			productRefGroup = 66CBB78A2AE2666B00E9FA79 /* Products */;
			projectDirPath = "";
			projectRoot = "";
			targets = (
				66CBB7882AE2666B00E9FA79 /* PEMM App */,
				66CBB7982AE2666D00E9FA79 /* PEMM AppTests */,
				66CBB7A22AE2666D00E9FA79 /* PEMM AppUITests */,
			);
		};
/* End PBXProject section */

/* Begin PBXResourcesBuildPhase section */
		66CBB7872AE2666B00E9FA79 /* Resources */ = {
			isa = PBXResourcesBuildPhase;
			buildActionMask = 2147483647;
			files = (
				66CBB7942AE2666C00E9FA79 /* Preview Assets.xcassets in Resources */,
				66CBB7912AE2666C00E9FA79 /* Assets.xcassets in Resources */,
			);
			runOnlyForDeploymentPostprocessing = 0;
		};
		66CBB7972AE2666D00E9FA79 /* Resources */ = {
			isa = PBXResourcesBuildPhase;
			buildActionMask = 2147483647;
			files = (
			);
			runOnlyForDeploymentPostprocessing = 0;
		};
		66CBB7A12AE2666D00E9FA79 /* Resources */ = {
			isa = PBXResourcesBuildPhase;
			buildActionMask = 2147483647;
			files = (
			);
			runOnlyForDeploymentPostprocessing = 0;
		};
/* End PBXResourcesBuildPhase section */

/* Begin PBXSourcesBuildPhase section */
		66CBB7852AE2666B00E9FA79 /* Sources */ = {
			isa = PBXSourcesBuildPhase;
			buildActionMask = 2147483647;
			files = (
				66CBB7B92AE26AA000E9FA79 /* Exercise.swift in Sources */,
				66CBB7C12AE285E000E9FA79 /* ExerciseCardView.swift in Sources */,
				66CBB78F2AE2666B00E9FA79 /* ExerciseListView.swift in Sources */,
				66CBB7DF2AE4263300E9FA79 /* TimeandPlaceModel.swift in Sources */,
				66CBB7E32AE4268900E9FA79 /* TimeandPlaceListView.swift in Sources */,
				66CBB7F12AE815C900E9FA79 /* AdviceModel.swift in Sources */,
				66CBB7E12AE4266000E9FA79 /* TimeandPlaceCardView.swift in Sources */,
				66CBB7BF2AE279E400E9FA79 /* ExercisesViewModel.swift in Sources */,
				66CBB7ED2AE80D2600E9FA79 /* Advice.swift in Sources */,
				66CBB7BB2AE26B2000E9FA79 /* PEMM App.swift in Sources */,
				AA0459952AE7CB6600010BB9 /* Segment control.swift in Sources */,
				66CBB7DD2AE4260A00E9FA79 /* Time and Place.swift in Sources */,
				66CBB7F32AE822DD00E9FA79 /* AdviceCardView.swift in Sources */,
			);
			runOnlyForDeploymentPostprocessing = 0;
		};
		66CBB7952AE2666D00E9FA79 /* Sources */ = {
			isa = PBXSourcesBuildPhase;
			buildActionMask = 2147483647;
			files = (
				66CBB79E2AE2666D00E9FA79 /* PEMM_AppTests.swift in Sources */,
			);
			runOnlyForDeploymentPostprocessing = 0;
		};
		66CBB79F2AE2666D00E9FA79 /* Sources */ = {
			isa = PBXSourcesBuildPhase;
			buildActionMask = 2147483647;
			files = (
				66CBB7AA2AE2666D00E9FA79 /* PEMM_AppUITestsLaunchTests.swift in Sources */,
				66CBB7A82AE2666D00E9FA79 /* PEMM_AppUITests.swift in Sources */,
			);
			runOnlyForDeploymentPostprocessing = 0;
		};
/* End PBXSourcesBuildPhase section */

/* Begin PBXTargetDependency section */
		66CBB79B2AE2666D00E9FA79 /* PBXTargetDependency */ = {
			isa = PBXTargetDependency;
			target = 66CBB7882AE2666B00E9FA79 /* PEMM App */;
			targetProxy = 66CBB79A2AE2666D00E9FA79 /* PBXContainerItemProxy */;
		};
		66CBB7A52AE2666D00E9FA79 /* PBXTargetDependency */ = {
			isa = PBXTargetDependency;
			target = 66CBB7882AE2666B00E9FA79 /* PEMM App */;
			targetProxy = 66CBB7A42AE2666D00E9FA79 /* PBXContainerItemProxy */;
		};
/* End PBXTargetDependency section */

/* Begin XCBuildConfiguration section */
		66CBB7AB2AE2666D00E9FA79 /* Debug */ = {
			isa = XCBuildConfiguration;
			buildSettings = {
				ALWAYS_SEARCH_USER_PATHS = NO;
				ASSETCATALOG_COMPILER_GENERATE_SWIFT_ASSET_SYMBOL_EXTENSIONS = YES;
				CLANG_ANALYZER_NONNULL = YES;
				CLANG_ANALYZER_NUMBER_OBJECT_CONVERSION = YES_AGGRESSIVE;
				CLANG_CXX_LANGUAGE_STANDARD = "gnu++20";
				CLANG_ENABLE_MODULES = YES;
				CLANG_ENABLE_OBJC_ARC = YES;
				CLANG_ENABLE_OBJC_WEAK = YES;
				CLANG_WARN_BLOCK_CAPTURE_AUTORELEASING = YES;
				CLANG_WARN_BOOL_CONVERSION = YES;
				CLANG_WARN_COMMA = YES;
				CLANG_WARN_CONSTANT_CONVERSION = YES;
				CLANG_WARN_DEPRECATED_OBJC_IMPLEMENTATIONS = YES;
				CLANG_WARN_DIRECT_OBJC_ISA_USAGE = YES_ERROR;
				CLANG_WARN_DOCUMENTATION_COMMENTS = YES;
				CLANG_WARN_EMPTY_BODY = YES;
				CLANG_WARN_ENUM_CONVERSION = YES;
				CLANG_WARN_INFINITE_RECURSION = YES;
				CLANG_WARN_INT_CONVERSION = YES;
				CLANG_WARN_NON_LITERAL_NULL_CONVERSION = YES;
				CLANG_WARN_OBJC_IMPLICIT_RETAIN_SELF = YES;
				CLANG_WARN_OBJC_LITERAL_CONVERSION = YES;
				CLANG_WARN_OBJC_ROOT_CLASS = YES_ERROR;
				CLANG_WARN_QUOTED_INCLUDE_IN_FRAMEWORK_HEADER = YES;
				CLANG_WARN_RANGE_LOOP_ANALYSIS = YES;
				CLANG_WARN_STRICT_PROTOTYPES = YES;
				CLANG_WARN_SUSPICIOUS_MOVE = YES;
				CLANG_WARN_UNGUARDED_AVAILABILITY = YES_AGGRESSIVE;
				CLANG_WARN_UNREACHABLE_CODE = YES;
				CLANG_WARN__DUPLICATE_METHOD_MATCH = YES;
				COPY_PHASE_STRIP = NO;
				DEBUG_INFORMATION_FORMAT = dwarf;
				ENABLE_STRICT_OBJC_MSGSEND = YES;
				ENABLE_TESTABILITY = YES;
				ENABLE_USER_SCRIPT_SANDBOXING = YES;
				GCC_C_LANGUAGE_STANDARD = gnu17;
				GCC_DYNAMIC_NO_PIC = NO;
				GCC_NO_COMMON_BLOCKS = YES;
				GCC_OPTIMIZATION_LEVEL = 0;
				GCC_PREPROCESSOR_DEFINITIONS = (
					"DEBUG=1",
					"$(inherited)",
				);
				GCC_WARN_64_TO_32_BIT_CONVERSION = YES;
				GCC_WARN_ABOUT_RETURN_TYPE = YES_ERROR;
				GCC_WARN_UNDECLARED_SELECTOR = YES;
				GCC_WARN_UNINITIALIZED_AUTOS = YES_AGGRESSIVE;
				GCC_WARN_UNUSED_FUNCTION = YES;
				GCC_WARN_UNUSED_VARIABLE = YES;
				IPHONEOS_DEPLOYMENT_TARGET = 17.0;
				LOCALIZATION_PREFERS_STRING_CATALOGS = YES;
				MTL_ENABLE_DEBUG_INFO = INCLUDE_SOURCE;
				MTL_FAST_MATH = YES;
				ONLY_ACTIVE_ARCH = YES;
				SDKROOT = iphoneos;
				SWIFT_ACTIVE_COMPILATION_CONDITIONS = "DEBUG $(inherited)";
				SWIFT_OPTIMIZATION_LEVEL = "-Onone";
			};
			name = Debug;
		};
		66CBB7AC2AE2666D00E9FA79 /* Release */ = {
			isa = XCBuildConfiguration;
			buildSettings = {
				ALWAYS_SEARCH_USER_PATHS = NO;
				ASSETCATALOG_COMPILER_GENERATE_SWIFT_ASSET_SYMBOL_EXTENSIONS = YES;
				CLANG_ANALYZER_NONNULL = YES;
				CLANG_ANALYZER_NUMBER_OBJECT_CONVERSION = YES_AGGRESSIVE;
				CLANG_CXX_LANGUAGE_STANDARD = "gnu++20";
				CLANG_ENABLE_MODULES = YES;
				CLANG_ENABLE_OBJC_ARC = YES;
				CLANG_ENABLE_OBJC_WEAK = YES;
				CLANG_WARN_BLOCK_CAPTURE_AUTORELEASING = YES;
				CLANG_WARN_BOOL_CONVERSION = YES;
				CLANG_WARN_COMMA = YES;
				CLANG_WARN_CONSTANT_CONVERSION = YES;
				CLANG_WARN_DEPRECATED_OBJC_IMPLEMENTATIONS = YES;
				CLANG_WARN_DIRECT_OBJC_ISA_USAGE = YES_ERROR;
				CLANG_WARN_DOCUMENTATION_COMMENTS = YES;
				CLANG_WARN_EMPTY_BODY = YES;
				CLANG_WARN_ENUM_CONVERSION = YES;
				CLANG_WARN_INFINITE_RECURSION = YES;
				CLANG_WARN_INT_CONVERSION = YES;
				CLANG_WARN_NON_LITERAL_NULL_CONVERSION = YES;
				CLANG_WARN_OBJC_IMPLICIT_RETAIN_SELF = YES;
				CLANG_WARN_OBJC_LITERAL_CONVERSION = YES;
				CLANG_WARN_OBJC_ROOT_CLASS = YES_ERROR;
				CLANG_WARN_QUOTED_INCLUDE_IN_FRAMEWORK_HEADER = YES;
				CLANG_WARN_RANGE_LOOP_ANALYSIS = YES;
				CLANG_WARN_STRICT_PROTOTYPES = YES;
				CLANG_WARN_SUSPICIOUS_MOVE = YES;
				CLANG_WARN_UNGUARDED_AVAILABILITY = YES_AGGRESSIVE;
				CLANG_WARN_UNREACHABLE_CODE = YES;
				CLANG_WARN__DUPLICATE_METHOD_MATCH = YES;
				COPY_PHASE_STRIP = NO;
				DEBUG_INFORMATION_FORMAT = "dwarf-with-dsym";
				ENABLE_NS_ASSERTIONS = NO;
				ENABLE_STRICT_OBJC_MSGSEND = YES;
				ENABLE_USER_SCRIPT_SANDBOXING = YES;
				GCC_C_LANGUAGE_STANDARD = gnu17;
				GCC_NO_COMMON_BLOCKS = YES;
				GCC_WARN_64_TO_32_BIT_CONVERSION = YES;
				GCC_WARN_ABOUT_RETURN_TYPE = YES_ERROR;
				GCC_WARN_UNDECLARED_SELECTOR = YES;
				GCC_WARN_UNINITIALIZED_AUTOS = YES_AGGRESSIVE;
				GCC_WARN_UNUSED_FUNCTION = YES;
				GCC_WARN_UNUSED_VARIABLE = YES;
				IPHONEOS_DEPLOYMENT_TARGET = 17.0;
				LOCALIZATION_PREFERS_STRING_CATALOGS = YES;
				MTL_ENABLE_DEBUG_INFO = NO;
				MTL_FAST_MATH = YES;
				SDKROOT = iphoneos;
				SWIFT_COMPILATION_MODE = wholemodule;
				VALIDATE_PRODUCT = YES;
			};
			name = Release;
		};
		66CBB7AE2AE2666D00E9FA79 /* Debug */ = {
			isa = XCBuildConfiguration;
			buildSettings = {
				ASSETCATALOG_COMPILER_APPICON_NAME = AppIcon;
				ASSETCATALOG_COMPILER_GLOBAL_ACCENT_COLOR_NAME = AccentColor;
				CODE_SIGN_STYLE = Automatic;
				CURRENT_PROJECT_VERSION = 1;
				DEVELOPMENT_ASSET_PATHS = "\"PEMM App/Preview Content\"";
				DEVELOPMENT_TEAM = 6LV4JK247F;
				ENABLE_PREVIEWS = YES;
				GENERATE_INFOPLIST_FILE = YES;
				INFOPLIST_KEY_UIApplicationSceneManifest_Generation = YES;
				INFOPLIST_KEY_UIApplicationSupportsIndirectInputEvents = YES;
				INFOPLIST_KEY_UILaunchScreen_Generation = YES;
				INFOPLIST_KEY_UISupportedInterfaceOrientations_iPad = "UIInterfaceOrientationPortrait UIInterfaceOrientationPortraitUpsideDown UIInterfaceOrientationLandscapeLeft UIInterfaceOrientationLandscapeRight";
				INFOPLIST_KEY_UISupportedInterfaceOrientations_iPhone = "UIInterfaceOrientationPortrait UIInterfaceOrientationLandscapeLeft UIInterfaceOrientationLandscapeRight";
				LD_RUNPATH_SEARCH_PATHS = (
					"$(inherited)",
					"@executable_path/Frameworks",
				);
				MARKETING_VERSION = 1.0;
				PRODUCT_BUNDLE_IDENTIFIER = developer.academy.;
				PRODUCT_NAME = "$(TARGET_NAME)";
				SWIFT_EMIT_LOC_STRINGS = YES;
				SWIFT_VERSION = 5.0;
				TARGETED_DEVICE_FAMILY = "1,2";
			};
			name = Debug;
		};
		66CBB7AF2AE2666D00E9FA79 /* Release */ = {
			isa = XCBuildConfiguration;
			buildSettings = {
				ASSETCATALOG_COMPILER_APPICON_NAME = AppIcon;
				ASSETCATALOG_COMPILER_GLOBAL_ACCENT_COLOR_NAME = AccentColor;
				CODE_SIGN_STYLE = Automatic;
				CURRENT_PROJECT_VERSION = 1;
				DEVELOPMENT_ASSET_PATHS = "\"PEMM App/Preview Content\"";
				DEVELOPMENT_TEAM = 6LV4JK247F;
				ENABLE_PREVIEWS = YES;
				GENERATE_INFOPLIST_FILE = YES;
				INFOPLIST_KEY_UIApplicationSceneManifest_Generation = YES;
				INFOPLIST_KEY_UIApplicationSupportsIndirectInputEvents = YES;
				INFOPLIST_KEY_UILaunchScreen_Generation = YES;
				INFOPLIST_KEY_UISupportedInterfaceOrientations_iPad = "UIInterfaceOrientationPortrait UIInterfaceOrientationPortraitUpsideDown UIInterfaceOrientationLandscapeLeft UIInterfaceOrientationLandscapeRight";
				INFOPLIST_KEY_UISupportedInterfaceOrientations_iPhone = "UIInterfaceOrientationPortrait UIInterfaceOrientationLandscapeLeft UIInterfaceOrientationLandscapeRight";
				LD_RUNPATH_SEARCH_PATHS = (
					"$(inherited)",
					"@executable_path/Frameworks",
				);
				MARKETING_VERSION = 1.0;
				PRODUCT_BUNDLE_IDENTIFIER = developer.academy.;
				PRODUCT_NAME = "$(TARGET_NAME)";
				SWIFT_EMIT_LOC_STRINGS = YES;
				SWIFT_VERSION = 5.0;
				TARGETED_DEVICE_FAMILY = "1,2";
			};
			name = Release;
		};
		66CBB7B12AE2666D00E9FA79 /* Debug */ = {
			isa = XCBuildConfiguration;
			buildSettings = {
				ALWAYS_EMBED_SWIFT_STANDARD_LIBRARIES = YES;
				BUNDLE_LOADER = "$(TEST_HOST)";
				CODE_SIGN_STYLE = Automatic;
				CURRENT_PROJECT_VERSION = 1;
				DEVELOPMENT_TEAM = T5C2RB4SL5;
				GENERATE_INFOPLIST_FILE = YES;
				IPHONEOS_DEPLOYMENT_TARGET = 17.0;
				MARKETING_VERSION = 1.0;
				PRODUCT_BUNDLE_IDENTIFIER = "developer.academy.PEMM-AppTests";
				PRODUCT_NAME = "$(TARGET_NAME)";
				SWIFT_EMIT_LOC_STRINGS = NO;
				SWIFT_VERSION = 5.0;
				TARGETED_DEVICE_FAMILY = "1,2";
				TEST_HOST = "$(BUILT_PRODUCTS_DIR)/PEMM App.app/$(BUNDLE_EXECUTABLE_FOLDER_PATH)/PEMM App";
			};
			name = Debug;
		};
		66CBB7B22AE2666D00E9FA79 /* Release */ = {
			isa = XCBuildConfiguration;
			buildSettings = {
				ALWAYS_EMBED_SWIFT_STANDARD_LIBRARIES = YES;
				BUNDLE_LOADER = "$(TEST_HOST)";
				CODE_SIGN_STYLE = Automatic;
				CURRENT_PROJECT_VERSION = 1;
				DEVELOPMENT_TEAM = T5C2RB4SL5;
				GENERATE_INFOPLIST_FILE = YES;
				IPHONEOS_DEPLOYMENT_TARGET = 17.0;
				MARKETING_VERSION = 1.0;
				PRODUCT_BUNDLE_IDENTIFIER = "developer.academy.PEMM-AppTests";
				PRODUCT_NAME = "$(TARGET_NAME)";
				SWIFT_EMIT_LOC_STRINGS = NO;
				SWIFT_VERSION = 5.0;
				TARGETED_DEVICE_FAMILY = "1,2";
				TEST_HOST = "$(BUILT_PRODUCTS_DIR)/PEMM App.app/$(BUNDLE_EXECUTABLE_FOLDER_PATH)/PEMM App";
			};
			name = Release;
		};
		66CBB7B42AE2666D00E9FA79 /* Debug */ = {
			isa = XCBuildConfiguration;
			buildSettings = {
				ALWAYS_EMBED_SWIFT_STANDARD_LIBRARIES = YES;
				CODE_SIGN_STYLE = Automatic;
				CURRENT_PROJECT_VERSION = 1;
				DEVELOPMENT_TEAM = T5C2RB4SL5;
				GENERATE_INFOPLIST_FILE = YES;
				MARKETING_VERSION = 1.0;
				PRODUCT_BUNDLE_IDENTIFIER = "developer.academy.PEMM-AppUITests";
				PRODUCT_NAME = "$(TARGET_NAME)";
				SWIFT_EMIT_LOC_STRINGS = NO;
				SWIFT_VERSION = 5.0;
				TARGETED_DEVICE_FAMILY = "1,2";
				TEST_TARGET_NAME = "PEMM App";
			};
			name = Debug;
		};
		66CBB7B52AE2666D00E9FA79 /* Release */ = {
			isa = XCBuildConfiguration;
			buildSettings = {
				ALWAYS_EMBED_SWIFT_STANDARD_LIBRARIES = YES;
				CODE_SIGN_STYLE = Automatic;
				CURRENT_PROJECT_VERSION = 1;
				DEVELOPMENT_TEAM = T5C2RB4SL5;
				GENERATE_INFOPLIST_FILE = YES;
				MARKETING_VERSION = 1.0;
				PRODUCT_BUNDLE_IDENTIFIER = "developer.academy.PEMM-AppUITests";
				PRODUCT_NAME = "$(TARGET_NAME)";
				SWIFT_EMIT_LOC_STRINGS = NO;
				SWIFT_VERSION = 5.0;
				TARGETED_DEVICE_FAMILY = "1,2";
				TEST_TARGET_NAME = "PEMM App";
			};
			name = Release;
		};
/* End XCBuildConfiguration section */

/* Begin XCConfigurationList section */
		66CBB7842AE2666B00E9FA79 /* Build configuration list for PBXProject "PEMM App" */ = {
			isa = XCConfigurationList;
			buildConfigurations = (
				66CBB7AB2AE2666D00E9FA79 /* Debug */,
				66CBB7AC2AE2666D00E9FA79 /* Release */,
			);
			defaultConfigurationIsVisible = 0;
			defaultConfigurationName = Release;
		};
		66CBB7AD2AE2666D00E9FA79 /* Build configuration list for PBXNativeTarget "PEMM App" */ = {
			isa = XCConfigurationList;
			buildConfigurations = (
				66CBB7AE2AE2666D00E9FA79 /* Debug */,
				66CBB7AF2AE2666D00E9FA79 /* Release */,
			);
			defaultConfigurationIsVisible = 0;
			defaultConfigurationName = Release;
		};
		66CBB7B02AE2666D00E9FA79 /* Build configuration list for PBXNativeTarget "PEMM AppTests" */ = {
			isa = XCConfigurationList;
			buildConfigurations = (
				66CBB7B12AE2666D00E9FA79 /* Debug */,
				66CBB7B22AE2666D00E9FA79 /* Release */,
			);
			defaultConfigurationIsVisible = 0;
			defaultConfigurationName = Release;
		};
		66CBB7B32AE2666D00E9FA79 /* Build configuration list for PBXNativeTarget "PEMM AppUITests" */ = {
			isa = XCConfigurationList;
			buildConfigurations = (
				66CBB7B42AE2666D00E9FA79 /* Debug */,
				66CBB7B52AE2666D00E9FA79 /* Release */,
			);
			defaultConfigurationIsVisible = 0;
			defaultConfigurationName = Release;
		};
/* End XCConfigurationList section */
	};
	rootObject = 66CBB7812AE2666B00E9FA79 /* Project object */;
}
